
Microsoft Visual Studio Solution File, Format Version 12.00
# Visual Studio 2013
VisualStudioVersion = 12.0.31101.0
MinimumVisualStudioVersion = 10.0.40219.1
Project("{FAE04EC0-301F-11D3-BF4B-00C04F79EFBC}") = "01_CustomLINQExtensionMethods", "01_CustomLINQExtensionMethods\01_CustomLINQExtensionMethods.csproj", "{BD657C0D-8BE7-4DD4-8784-07B5BC66BF34}"
EndProject
Project("{FAE04EC0-301F-11D3-BF4B-00C04F79EFBC}") = "02_InterestCalculator", "02_InterestCalculator\02_InterestCalculator.csproj", "{A2CFF7CC-8DB9-4866-BBEE-8B0E13C0F301}"
EndProject
Project("{FAE04EC0-301F-11D3-BF4B-00C04F79EFBC}") = "04_StudentClass", "04_StudentClass\04_StudentClass.csproj", "{2B8A06B5-300C-4554-863B-3A62D3C5722F}"
EndProject
Global
	GlobalSection(SolutionConfigurationPlatforms) = preSolution
		Debug|Any CPU = Debug|Any CPU
		Release|Any CPU = Release|Any CPU
	EndGlobalSection
	GlobalSection(ProjectConfigurationPlatforms) = postSolution
		{BD657C0D-8BE7-4DD4-8784-07B5BC66BF34}.Debug|Any CPU.ActiveCfg = Debug|Any CPU
		{BD657C0D-8BE7-4DD4-8784-07B5BC66BF34}.Debug|Any CPU.Build.0 = Debug|Any CPU
		{BD657C0D-8BE7-4DD4-8784-07B5BC66BF34}.Release|Any CPU.ActiveCfg = Release|Any CPU
		{BD657C0D-8BE7-4DD4-8784-07B5BC66BF34}.Release|Any CPU.Build.0 = Release|Any CPU
		{A2CFF7CC-8DB9-4866-BBEE-8B0E13C0F301}.Debug|Any CPU.ActiveCfg = Debug|Any CPU
		{A2CFF7CC-8DB9-4866-BBEE-8B0E13C0F301}.Debug|Any CPU.Build.0 = Debug|Any CPU
		{A2CFF7CC-8DB9-4866-BBEE-8B0E13C0F301}.Release|Any CPU.ActiveCfg = Release|Any CPU
		{A2CFF7CC-8DB9-4866-BBEE-8B0E13C0F301}.Release|Any CPU.Build.0 = Release|Any CPU
		{2B8A06B5-300C-4554-863B-3A62D3C5722F}.Debug|Any CPU.ActiveCfg = Debug|Any CPU
		{2B8A06B5-300C-4554-863B-3A62D3C5722F}.Debug|Any CPU.Build.0 = Debug|Any CPU
		{2B8A06B5-300C-4554-863B-3A62D3C5722F}.Release|Any CPU.ActiveCfg = Release|Any CPU
		{2B8A06B5-300C-4554-863B-3A62D3C5722F}.Release|Any CPU.Build.0 = Release|Any CPU
	EndGlobalSection
	GlobalSection(SolutionProperties) = preSolution
		HideSolutionNode = FALSE
	EndGlobalSection
EndGlobal
